// !$*UTF8*$!
{
	archiveVersion = 1;
	classes = {
	};
	objectVersion = 46;
	objects = {

/* Begin PBXBuildFile section */
		10B92BF41B317D1B00D530BC /* AppDelegate.swift in Sources */ = {isa = PBXBuildFile; fileRef = 10B92BF31B317D1B00D530BC /* AppDelegate.swift */; };
		10B92BF61B317D1B00D530BC /* ViewController.swift in Sources */ = {isa = PBXBuildFile; fileRef = 10B92BF51B317D1B00D530BC /* ViewController.swift */; };
		10B92BF91B317D1B00D530BC /* Main.storyboard in Resources */ = {isa = PBXBuildFile; fileRef = 10B92BF71B317D1B00D530BC /* Main.storyboard */; };
		10B92BFB1B317D1B00D530BC /* Images.xcassets in Resources */ = {isa = PBXBuildFile; fileRef = 10B92BFA1B317D1B00D530BC /* Images.xcassets */; };
		10B92BFE1B317D1B00D530BC /* LaunchScreen.xib in Resources */ = {isa = PBXBuildFile; fileRef = 10B92BFC1B317D1B00D530BC /* LaunchScreen.xib */; };
		10B92C0A1B317D1B00D530BC /* HappinessTests.swift in Sources */ = {isa = PBXBuildFile; fileRef = 10B92C091B317D1B00D530BC /* HappinessTests.swift */; };
/* End PBXBuildFile section */

/* Begin PBXContainerItemProxy section */
		10B92C041B317D1B00D530BC /* PBXContainerItemProxy */ = {
			isa = PBXContainerItemProxy;
			containerPortal = 10B92BE61B317D1B00D530BC /* Project object */;
			proxyType = 1;
			remoteGlobalIDString = 10B92BED1B317D1B00D530BC;
			remoteInfo = Happiness;
		};
/* End PBXContainerItemProxy section */

/* Begin PBXFileReference section */
		10B92BEE1B317D1B00D530BC /* Happiness.app */ = {isa = PBXFileReference; explicitFileType = wrapper.application; includeInIndex = 0; path = Happiness.app; sourceTree = BUILT_PRODUCTS_DIR; };
		10B92BF21B317D1B00D530BC /* Info.plist */ = {isa = PBXFileReference; lastKnownFileType = text.plist.xml; path = Info.plist; sourceTree = "<group>"; };
		10B92BF31B317D1B00D530BC /* AppDelegate.swift */ = {isa = PBXFileReference; lastKnownFileType = sourcecode.swift; path = AppDelegate.swift; sourceTree = "<group>"; };
		10B92BF51B317D1B00D530BC /* ViewController.swift */ = {isa = PBXFileReference; lastKnownFileType = sourcecode.swift; path = ViewController.swift; sourceTree = "<group>"; };
		10B92BF81B317D1B00D530BC /* Base */ = {isa = PBXFileReference; lastKnownFileType = file.storyboard; name = Base; path = Base.lproj/Main.storyboard; sourceTree = "<group>"; };
		10B92BFA1B317D1B00D530BC /* Images.xcassets */ = {isa = PBXFileReference; lastKnownFileType = folder.assetcatalog; path = Images.xcassets; sourceTree = "<group>"; };
		10B92BFD1B317D1B00D530BC /* Base */ = {isa = PBXFileReference; lastKnownFileType = file.xib; name = Base; path = Base.lproj/LaunchScreen.xib; sourceTree = "<group>"; };
		10B92C031B317D1B00D530BC /* HappinessTests.xctest */ = {isa = PBXFileReference; explicitFileType = wrapper.cfbundle; includeInIndex = 0; path = HappinessTests.xctest; sourceTree = BUILT_PRODUCTS_DIR; };
		10B92C081B317D1B00D530BC /* Info.plist */ = {isa = PBXFileReference; lastKnownFileType = text.plist.xml; path = Info.plist; sourceTree = "<group>"; };
		10B92C091B317D1B00D530BC /* HappinessTests.swift */ = {isa = PBXFileReference; lastKnownFileType = sourcecode.swift; path = HappinessTests.swift; sourceTree = "<group>"; };
/* End PBXFileReference section */

/* Begin PBXFrameworksBuildPhase section */
		10B92BEB1B317D1B00D530BC /* Frameworks */ = {
			isa = PBXFrameworksBuildPhase;
			buildActionMask = 2147483647;
			files = (
			);
			runOnlyForDeploymentPostprocessing = 0;
		};
		10B92C001B317D1B00D530BC /* Frameworks */ = {
			isa = PBXFrameworksBuildPhase;
			buildActionMask = 2147483647;
			files = (
			);
			runOnlyForDeploymentPostprocessing = 0;
		};
/* End PBXFrameworksBuildPhase section */

/* Begin PBXGroup section */
		10B92BE51B317D1B00D530BC = {
			isa = PBXGroup;
			children = (
				10B92BF01B317D1B00D530BC /* Happiness */,
				10B92C061B317D1B00D530BC /* HappinessTests */,
				10B92BEF1B317D1B00D530BC /* Products */,
			);
			sourceTree = "<group>";
		};
		10B92BEF1B317D1B00D530BC /* Products */ = {
			isa = PBXGroup;
			children = (
				10B92BEE1B317D1B00D530BC /* Happiness.app */,
				10B92C031B317D1B00D530BC /* HappinessTests.xctest */,
			);
			name = Products;
			sourceTree = "<group>";
		};
		10B92BF01B317D1B00D530BC /* Happiness */ = {
			isa = PBXGroup;
			children = (
				10B92BF31B317D1B00D530BC /* AppDelegate.swift */,
				10B92BF51B317D1B00D530BC /* ViewController.swift */,
				10B92BF71B317D1B00D530BC /* Main.storyboard */,
				10B92BFA1B317D1B00D530BC /* Images.xcassets */,
				10B92BFC1B317D1B00D530BC /* LaunchScreen.xib */,
				10B92BF11B317D1B00D530BC /* Supporting Files */,
			);
			path = Happiness;
			sourceTree = "<group>";
		};
		10B92BF11B317D1B00D530BC /* Supporting Files */ = {
			isa = PBXGroup;
			children = (
				10B92BF21B317D1B00D530BC /* Info.plist */,
			);
			name = "Supporting Files";
			sourceTree = "<group>";
		};
		10B92C061B317D1B00D530BC /* HappinessTests */ = {
			isa = PBXGroup;
			children = (
				10B92C091B317D1B00D530BC /* HappinessTests.swift */,
				10B92C071B317D1B00D530BC /* Supporting Files */,
			);
			path = HappinessTests;
			sourceTree = "<group>";
		};
		10B92C071B317D1B00D530BC /* Supporting Files */ = {
			isa = PBXGroup;
			children = (
				10B92C081B317D1B00D530BC /* Info.plist */,
			);
			name = "Supporting Files";
			sourceTree = "<group>";
		};
/* End PBXGroup section */

/* Begin PBXNativeTarget section */
		10B92BED1B317D1B00D530BC /* Happiness */ = {
			isa = PBXNativeTarget;
			buildConfigurationList = 10B92C0D1B317D1B00D530BC /* Build configuration list for PBXNativeTarget "Happiness" */;
			buildPhases = (
				10B92BEA1B317D1B00D530BC /* Sources */,
				10B92BEB1B317D1B00D530BC /* Frameworks */,
				10B92BEC1B317D1B00D530BC /* Resources */,
			);
			buildRules = (
			);
			dependencies = (
			);
			name = Happiness;
			productName = Happiness;
			productReference = 10B92BEE1B317D1B00D530BC /* Happiness.app */;
			productType = "com.apple.product-type.application";
		};
		10B92C021B317D1B00D530BC /* HappinessTests */ = {
			isa = PBXNativeTarget;
			buildConfigurationList = 10B92C101B317D1B00D530BC /* Build configuration list for PBXNativeTarget "HappinessTests" */;
			buildPhases = (
				10B92BFF1B317D1B00D530BC /* Sources */,
				10B92C001B317D1B00D530BC /* Frameworks */,
				10B92C011B317D1B00D530BC /* Resources */,
			);
			buildRules = (
			);
			dependencies = (
				10B92C051B317D1B00D530BC /* PBXTargetDependency */,
			);
			name = HappinessTests;
			productName = HappinessTests;
			productReference = 10B92C031B317D1B00D530BC /* HappinessTests.xctest */;
			productType = "com.apple.product-type.bundle.unit-test";
		};
/* End PBXNativeTarget section */

/* Begin PBXProject section */
		10B92BE61B317D1B00D530BC /* Project object */ = {
			isa = PBXProject;
			attributes = {
				LastUpgradeCheck = 0630;
				ORGANIZATIONNAME = "Al Akhawayn University";
				TargetAttributes = {
					10B92BED1B317D1B00D530BC = {
						CreatedOnToolsVersion = 6.3.2;
					};
					10B92C021B317D1B00D530BC = {
						CreatedOnToolsVersion = 6.3.2;
						TestTargetID = 10B92BED1B317D1B00D530BC;
					};
				};
			};
			buildConfigurationList = 10B92BE91B317D1B00D530BC /* Build configuration list for PBXProject "Happiness" */;
			compatibilityVersion = "Xcode 3.2";
			developmentRegion = English;
			hasScannedForEncodings = 0;
			knownRegions = (
				en,
				Base,
			);
			mainGroup = 10B92BE51B317D1B00D530BC;
			productRefGroup = 10B92BEF1B317D1B00D530BC /* Products */;
			projectDirPath = "";
			projectRoot = "";
			targets = (
				10B92BED1B317D1B00D530BC /* Happiness */,
				10B92C021B317D1B00D530BC /* HappinessTests */,
			);
		};
/* End PBXProject section */

/* Begin PBXResourcesBuildPhase section */
		10B92BEC1B317D1B00D530BC /* Resources */ = {
			isa = PBXResourcesBuildPhase;
			buildActionMask = 2147483647;
			files = (
				10B92BF91B317D1B00D530BC /* Main.storyboard in Resources */,
				10B92BFE1B317D1B00D530BC /* LaunchScreen.xib in Resources */,
				10B92BFB1B317D1B00D530BC /* Images.xcassets in Resources */,
			);
			runOnlyForDeploymentPostprocessing = 0;
		};
		10B92C011B317D1B00D530BC /* Resources */ = {
			isa = PBXResourcesBuildPhase;
			buildActionMask = 2147483647;
			files = (
			);
			runOnlyForDeploymentPostprocessing = 0;
		};
/* End PBXResourcesBuildPhase section */

/* Begin PBXSourcesBuildPhase section */
		10B92BEA1B317D1B00D530BC /* Sources */ = {
			isa = PBXSourcesBuildPhase;
			buildActionMask = 2147483647;
			files = (
				10B92BF61B317D1B00D530BC /* ViewController.swift in Sources */,
				10B92BF41B317D1B00D530BC /* AppDelegate.swift in Sources */,
			);
			runOnlyForDeploymentPostprocessing = 0;
		};
		10B92BFF1B317D1B00D530BC /* Sources */ = {
			isa = PBXSourcesBuildPhase;
			buildActionMask = 2147483647;
			files = (
				10B92C0A1B317D1B00D530BC /* HappinessTests.swift in Sources */,
			);
			runOnlyForDeploymentPostprocessing = 0;
		};
/* End PBXSourcesBuildPhase section */

/* Begin PBXTargetDependency section */
		10B92C051B317D1B00D530BC /* PBXTargetDependency */ = {
			isa = PBXTargetDependency;
			target = 10B92BED1B317D1B00D530BC /* Happiness */;
			targetProxy = 10B92C041B317D1B00D530BC /* PBXContainerItemProxy */;
		};
/* End PBXTargetDependency section */

/* Begin PBXVariantGroup section */
		10B92BF71B317D1B00D530BC /* Main.storyboard */ = {
			isa = PBXVariantGroup;
			children = (
				10B92BF81B317D1B00D530BC /* Base */,
			);
			name = Main.storyboard;
			sourceTree = "<group>";
		};
		10B92BFC1B317D1B00D530BC /* LaunchScreen.xib */ = {
			isa = PBXVariantGroup;
			children = (
				10B92BFD1B317D1B00D530BC /* Base */,
			);
			name = LaunchScreen.xib;
			sourceTree = "<group>";
		};
/* End PBXVariantGroup section */

/* Begin XCBuildConfiguration section */
		10B92C0B1B317D1B00D530BC /* Debug */ = {
			isa = XCBuildConfiguration;
			buildSettings = {
				ALWAYS_SEARCH_USER_PATHS = NO;
				CLANG_CXX_LANGUAGE_STANDARD = "gnu++0x";
				CLANG_CXX_LIBRARY = "libc++";
				CLANG_ENABLE_MODULES = YES;
				CLANG_ENABLE_OBJC_ARC = YES;
				CLANG_WARN_BOOL_CONVERSION = YES;
				CLANG_WARN_CONSTANT_CONVERSION = YES;
				CLANG_WARN_DIRECT_OBJC_ISA_USAGE = YES_ERROR;
				CLANG_WARN_EMPTY_BODY = YES;
				CLANG_WARN_ENUM_CONVERSION = YES;
				CLANG_WARN_INT_CONVERSION = YES;
				CLANG_WARN_OBJC_ROOT_CLASS = YES_ERROR;
				CLANG_WARN_UNREACHABLE_CODE = YES;
				CLANG_WARN__DUPLICATE_METHOD_MATCH = YES;
				"CODE_SIGN_IDENTITY[sdk=iphoneos*]" = "iPhone Developer";
				COPY_PHASE_STRIP = NO;
				DEBUG_INFORMATION_FORMAT = "dwarf-with-dsym";
				ENABLE_STRICT_OBJC_MSGSEND = YES;
				GCC_C_LANGUAGE_STANDARD = gnu99;
				GCC_DYNAMIC_NO_PIC = NO;
				GCC_NO_COMMON_BLOCKS = YES;
				GCC_OPTIMIZATION_LEVEL = 0;
				GCC_PREPROCESSOR_DEFINITIONS = (
					"DEBUG=1",
					"$(inherited)",
				);
				GCC_SYMBOLS_PRIVATE_EXTERN = NO;
				GCC_WARN_64_TO_32_BIT_CONVERSION = YES;
				GCC_WARN_ABOUT_RETURN_TYPE = YES_ERROR;
				GCC_WARN_UNDECLARED_SELECTOR = YES;
				GCC_WARN_UNINITIALIZED_AUTOS = YES_AGGRESSIVE;
				GCC_WARN_UNUSED_FUNCTION = YES;
				GCC_WARN_UNUSED_VARIABLE = YES;
				IPHONEOS_DEPLOYMENT_TARGET = 8.3;
				MTL_ENABLE_DEBUG_INFO = YES;
				ONLY_ACTIVE_ARCH = YES;
				SDKROOT = iphoneos;
				SWIFT_OPTIMIZATION_LEVEL = "-Onone";
				TARGETED_DEVICE_FAMILY = "1,2";
			};
			name = Debug;
		};
		10B92C0C1B317D1B00D530BC /* Release */ = {
			isa = XCBuildConfiguration;
			buildSettings = {
				ALWAYS_SEARCH_USER_PATHS = NO;
				CLANG_CXX_LANGUAGE_STANDARD = "gnu++0x";
				CLANG_CXX_LIBRARY = "libc++";
				CLANG_ENABLE_MODULES = YES;
				CLANG_ENABLE_OBJC_ARC = YES;
				CLANG_WARN_BOOL_CONVERSION = YES;
				CLANG_WARN_CONSTANT_CONVERSION = YES;
				CLANG_WARN_DIRECT_OBJC_ISA_USAGE = YES_ERROR;
				CLANG_WARN_EMPTY_BODY = YES;
				CLANG_WARN_ENUM_CONVERSION = YES;
				CLANG_WARN_INT_CONVERSION = YES;
				CLANG_WARN_OBJC_ROOT_CLASS = YES_ERROR;
				CLANG_WARN_UNREACHABLE_CODE = YES;
				CLANG_WARN__DUPLICATE_METHOD_MATCH = YES;
				"CODE_SIGN_IDENTITY[sdk=iphoneos*]" = "iPhone Developer";
				COPY_PHASE_STRIP = NO;
				DEBUG_INFORMATION_FORMAT = "dwarf-with-dsym";
				ENABLE_NS_ASSERTIONS = NO;
				ENABLE_STRICT_OBJC_MSGSEND = YES;
				GCC_C_LANGUAGE_STANDARD = gnu99;
				GCC_NO_COMMON_BLOCKS = YES;
				GCC_WARN_64_TO_32_BIT_CONVERSION = YES;
				GCC_WARN_ABOUT_RETURN_TYPE = YES_ERROR;
				GCC_WARN_UNDECLARED_SELECTOR = YES;
				GCC_WARN_UNINITIALIZED_AUTOS = YES_AGGRESSIVE;
				GCC_WARN_UNUSED_FUNCTION = YES;
				GCC_WARN_UNUSED_VARIABLE = YES;
				IPHONEOS_DEPLOYMENT_TARGET = 8.3;
				MTL_ENABLE_DEBUG_INFO = NO;
				SDKROOT = iphoneos;
				TARGETED_DEVICE_FAMILY = "1,2";
				VALIDATE_PRODUCT = YES;
			};
			name = Release;
		};
		10B92C0E1B317D1B00D530BC /* Debug */ = {
			isa = XCBuildConfiguration;
			buildSettings = {
				ASSETCATALOG_COMPILER_APPICON_NAME = AppIcon;
				INFOPLIST_FILE = Happiness/Info.plist;
				LD_RUNPATH_SEARCH_PATHS = "$(inherited) @executable_path/Frameworks";
				PRODUCT_NAME = "$(TARGET_NAME)";
			};
			name = Debug;
		};
		10B92C0F1B317D1B00D530BC /* Release */ = {
			isa = XCBuildConfiguration;
			buildSettings = {
				ASSETCATALOG_COMPILER_APPICON_NAME = AppIcon;
				INFOPLIST_FILE = Happiness/Info.plist;
				LD_RUNPATH_SEARCH_PATHS = "$(inherited) @executable_path/Frameworks";
				PRODUCT_NAME = "$(TARGET_NAME)";
			};
			name = Release;
		};
		10B92C111B317D1B00D530BC /* Debug */ = {
			isa = XCBuildConfiguration;
			buildSettings = {
				BUNDLE_LOADER = "$(TEST_HOST)";
				FRAMEWORK_SEARCH_PATHS = (
					"$(SDKROOT)/Developer/Library/Frameworks",
					"$(inherited)",
				);
				GCC_PREPROCESSOR_DEFINITIONS = (
					"DEBUG=1",
					"$(inherited)",
				);
				INFOPLIST_FILE = HappinessTests/Info.plist;
				LD_RUNPATH_SEARCH_PATHS = "$(inherited) @executable_path/Frameworks @loader_path/Frameworks";
				PRODUCT_NAME = "$(TARGET_NAME)";
				TEST_HOST = "$(BUILT_PRODUCTS_DIR)/Happiness.app/Happiness";
			};
			name = Debug;
		};
		10B92C121B317D1B00D530BC /* Release */ = {
			isa = XCBuildConfiguration;
			buildSettings = {
				BUNDLE_LOADER = "$(TEST_HOST)";
				FRAMEWORK_SEARCH_PATHS = (
					"$(SDKROOT)/Developer/Library/Frameworks",
					"$(inherited)",
				);
				INFOPLIST_FILE = HappinessTests/Info.plist;
				LD_RUNPATH_SEARCH_PATHS = "$(inherited) @executable_path/Frameworks @loader_path/Frameworks";
				PRODUCT_NAME = "$(TARGET_NAME)";
				TEST_HOST = "$(BUILT_PRODUCTS_DIR)/Happiness.app/Happiness";
			};
			name = Release;
		};
/* End XCBuildConfiguration section */

/* Begin XCConfigurationList section */
		10B92BE91B317D1B00D530BC /* Build configuration list for PBXProject "Happiness" */ = {
			isa = XCConfigurationList;
			buildConfigurations = (
				10B92C0B1B317D1B00D530BC /* Debug */,
				10B92C0C1B317D1B00D530BC /* Release */,
			);
			defaultConfigurationIsVisible = 0;
			defaultConfigurationName = Release;
		};
		10B92C0D1B317D1B00D530BC /* Build configuration list for PBXNativeTarget "Happiness" */ = {
			isa = XCConfigurationList;
			buildConfigurations = (
				10B92C0E1B317D1B00D530BC /* Debug */,
				10B92C0F1B317D1B00D530BC /* Release */,
			);
			defaultConfigurationIsVisible = 0;
		};
		10B92C101B317D1B00D530BC /* Build configuration list for PBXNativeTarget "HappinessTests" */ = {
			isa = XCConfigurationList;
			buildConfigurations = (
				10B92C111B317D1B00D530BC /* Debug */,
				10B92C121B317D1B00D530BC /* Release */,
			);
			defaultConfigurationIsVisible = 0;
		};
/* End XCConfigurationList section */
	};
	rootObject = 10B92BE61B317D1B00D530BC /* Project object */;
}
